// !$*UTF8*$!
{
	archiveVersion = 1;
	classes = {
	};
	objectVersion = 50;
	objects = {

/* Begin PBXBuildFile section */
		950FDB7D225DE0800010D694 /* AppDelegate.m in Sources */ = {isa = PBXBuildFile; fileRef = 950FDB7C225DE0800010D694 /* AppDelegate.m */; };
		950FDB83225DE0800010D694 /* Main.storyboard in Resources */ = {isa = PBXBuildFile; fileRef = 950FDB81225DE0800010D694 /* Main.storyboard */; };
		950FDB85225DE0820010D694 /* Assets.xcassets in Resources */ = {isa = PBXBuildFile; fileRef = 950FDB84225DE0820010D694 /* Assets.xcassets */; };
		950FDB88225DE0820010D694 /* LaunchScreen.storyboard in Resources */ = {isa = PBXBuildFile; fileRef = 950FDB86225DE0820010D694 /* LaunchScreen.storyboard */; };
		950FDB8B225DE0820010D694 /* main.m in Sources */ = {isa = PBXBuildFile; fileRef = 950FDB8A225DE0820010D694 /* main.m */; };
		950FDB92225DE0A30010D694 /* ViewController.m in Sources */ = {isa = PBXBuildFile; fileRef = 950FDB91225DE0A20010D694 /* ViewController.m */; };
/* End PBXBuildFile section */

/* Begin PBXFileReference section */
		950FDB78225DE0800010D694 /* LoadSplitImage.app */ = {isa = PBXFileReference; explicitFileType = wrapper.application; includeInIndex = 0; path = LoadSplitImage.app; sourceTree = BUILT_PRODUCTS_DIR; };
		950FDB7B225DE0800010D694 /* AppDelegate.h */ = {isa = PBXFileReference; lastKnownFileType = sourcecode.c.h; path = AppDelegate.h; sourceTree = "<group>"; };
		950FDB7C225DE0800010D694 /* AppDelegate.m */ = {isa = PBXFileReference; lastKnownFileType = sourcecode.c.objc; path = AppDelegate.m; sourceTree = "<group>"; };
		950FDB7E225DE0800010D694 /* ViewController.h */ = {isa = PBXFileReference; lastKnownFileType = sourcecode.c.h; path = ViewController.h; sourceTree = "<group>"; };
		950FDB82225DE0800010D694 /* Base */ = {isa = PBXFileReference; lastKnownFileType = file.storyboard; name = Base; path = Base.lproj/Main.storyboard; sourceTree = "<group>"; };
		950FDB84225DE0820010D694 /* Assets.xcassets */ = {isa = PBXFileReference; lastKnownFileType = folder.assetcatalog; path = Assets.xcassets; sourceTree = "<group>"; };
		950FDB87225DE0820010D694 /* Base */ = {isa = PBXFileReference; lastKnownFileType = file.storyboard; name = Base; path = Base.lproj/LaunchScreen.storyboard; sourceTree = "<group>"; };
		950FDB89225DE0820010D694 /* Info.plist */ = {isa = PBXFileReference; lastKnownFileType = text.plist.xml; path = Info.plist; sourceTree = "<group>"; };
		950FDB8A225DE0820010D694 /* main.m */ = {isa = PBXFileReference; lastKnownFileType = sourcecode.c.objc; path = main.m; sourceTree = "<group>"; };
		950FDB91225DE0A20010D694 /* ViewController.m */ = {isa = PBXFileReference; fileEncoding = 4; lastKnownFileType = sourcecode.c.objc; name = ViewController.m; path = ../../TestContentsRect/TestContentsRect/ViewController.m; sourceTree = "<group>"; };
/* End PBXFileReference section */

/* Begin PBXFrameworksBuildPhase section */
		950FDB75225DE0800010D694 /* Frameworks */ = {
			isa = PBXFrameworksBuildPhase;
			buildActionMask = 2147483647;
			files = (
			);
			runOnlyForDeploymentPostprocessing = 0;
		};
/* End PBXFrameworksBuildPhase section */

/* Begin PBXGroup section */
		950FDB6F225DE0800010D694 = {
			isa = PBXGroup;
			children = (
				950FDB7A225DE0800010D694 /* LoadSplitImage */,
				950FDB79225DE0800010D694 /* Products */,
			);
			sourceTree = "<group>";
		};
		950FDB79225DE0800010D694 /* Products */ = {
			isa = PBXGroup;
			children = (
				950FDB78225DE0800010D694 /* LoadSplitImage.app */,
			);
			name = Products;
			sourceTree = "<group>";
		};
		950FDB7A225DE0800010D694 /* LoadSplitImage */ = {
			isa = PBXGroup;
			children = (
				950FDB7B225DE0800010D694 /* AppDelegate.h */,
				950FDB7C225DE0800010D694 /* AppDelegate.m */,
				950FDB7E225DE0800010D694 /* ViewController.h */,
				950FDB91225DE0A20010D694 /* ViewController.m */,
				950FDB81225DE0800010D694 /* Main.storyboard */,
				950FDB84225DE0820010D694 /* Assets.xcassets */,
				950FDB86225DE0820010D694 /* LaunchScreen.storyboard */,
				950FDB89225DE0820010D694 /* Info.plist */,
				950FDB8A225DE0820010D694 /* main.m */,
			);
			path = LoadSplitImage;
			sourceTree = "<group>";
		};
/* End PBXGroup section */

/* Begin PBXNativeTarget section */
		950FDB77225DE0800010D694 /* LoadSplitImage */ = {
			isa = PBXNativeTarget;
			buildConfigurationList = 950FDB8E225DE0820010D694 /* Build configuration list for PBXNativeTarget "LoadSplitImage" */;
			buildPhases = (
				950FDB74225DE0800010D694 /* Sources */,
				950FDB75225DE0800010D694 /* Frameworks */,
				950FDB76225DE0800010D694 /* Resources */,
			);
			buildRules = (
			);
			dependencies = (
			);
			name = LoadSplitImage;
			productName = LoadSplitImage;
			productReference = 950FDB78225DE0800010D694 /* LoadSplitImage.app */;
			productType = "com.apple.product-type.application";
		};
/* End PBXNativeTarget section */

/* Begin PBXProject section */
		950FDB70225DE0800010D694 /* Project object */ = {
			isa = PBXProject;
			attributes = {
				LastUpgradeCheck = 1020;
				ORGANIZATIONNAME = VanJay;
				TargetAttributes = {
					950FDB77225DE0800010D694 = {
						CreatedOnToolsVersion = 10.2;
					};
				};
			};
			buildConfigurationList = 950FDB73225DE0800010D694 /* Build configuration list for PBXProject "LoadSplitImage" */;
			compatibilityVersion = "Xcode 9.3";
			developmentRegion = en;
			hasScannedForEncodings = 0;
			knownRegions = (
				en,
				Base,
			);
			mainGroup = 950FDB6F225DE0800010D694;
			productRefGroup = 950FDB79225DE0800010D694 /* Products */;
			projectDirPath = "";
			projectRoot = "";
			targets = (
				950FDB77225DE0800010D694 /* LoadSplitImage */,
			);
		};
/* End PBXProject section */

/* Begin PBXResourcesBuildPhase section */
		950FDB76225DE0800010D694 /* Resources */ = {
			isa = PBXResourcesBuildPhase;
			buildActionMask = 2147483647;
			files = (
				950FDB88225DE0820010D694 /* LaunchScreen.storyboard in Resources */,
				950FDB85225DE0820010D694 /* Assets.xcassets in Resources */,
				950FDB83225DE0800010D694 /* Main.storyboard in Resources */,
			);
			runOnlyForDeploymentPostprocessing = 0;
		};
/* End PBXResourcesBuildPhase section */

/* Begin PBXSourcesBuildPhase section */
		950FDB74225DE0800010D694 /* Sources */ = {
			isa = PBXSourcesBuildPhase;
			buildActionMask = 2147483647;
			files = (
				950FDB8B225DE0820010D694 /* main.m in Sources */,
				950FDB92225DE0A30010D694 /* ViewController.m in Sources */,
				950FDB7D225DE0800010D694 /* AppDelegate.m in Sources */,
			);
			runOnlyForDeploymentPostprocessing = 0;
		};
/* End PBXSourcesBuildPhase section */

/* Begin PBXVariantGroup section */
		950FDB81225DE0800010D694 /* Main.storyboard */ = {
			isa = PBXVariantGroup;
			children = (
				950FDB82225DE0800010D694 /* Base */,
			);
			name = Main.storyboard;
			sourceTree = "<group>";
		};
		950FDB86225DE0820010D694 /* LaunchScreen.storyboard */ = {
			isa = PBXVariantGroup;
			children = (
				950FDB87225DE0820010D694 /* Base */,
			);
			name = LaunchScreen.storyboard;
			sourceTree = "<group>";
		};
/* End PBXVariantGroup section */

/* Begin XCBuildConfiguration section */
		950FDB8C225DE0820010D694 /* Debug */ = {
			isa = XCBuildConfiguration;
			buildSettings = {
				ALWAYS_SEARCH_USER_PATHS = NO;
				CLANG_ANALYZER_NONNULL = YES;
				CLANG_ANALYZER_NUMBER_OBJECT_CONVERSION = YES_AGGRESSIVE;
				CLANG_CXX_LANGUAGE_STANDARD = "gnu++14";
				CLANG_CXX_LIBRARY = "libc++";
				CLANG_ENABLE_MODULES = YES;
				CLANG_ENABLE_OBJC_ARC = YES;
				CLANG_ENABLE_OBJC_WEAK = YES;
				CLANG_WARN_BLOCK_CAPTURE_AUTORELEASING = YES;
				CLANG_WARN_BOOL_CONVERSION = YES;
				CLANG_WARN_COMMA = YES;
				CLANG_WARN_CONSTANT_CONVERSION = YES;
				CLANG_WARN_DEPRECATED_OBJC_IMPLEMENTATIONS = YES;
				CLANG_WARN_DIRECT_OBJC_ISA_USAGE = YES_ERROR;
				CLANG_WARN_DOCUMENTATION_COMMENTS = YES;
				CLANG_WARN_EMPTY_BODY = YES;
				CLANG_WARN_ENUM_CONVERSION = YES;
				CLANG_WARN_INFINITE_RECURSION = YES;
				CLANG_WARN_INT_CONVERSION = YES;
				CLANG_WARN_NON_LITERAL_NULL_CONVERSION = YES;
				CLANG_WARN_OBJC_IMPLICIT_RETAIN_SELF = YES;
				CLANG_WARN_OBJC_LITERAL_CONVERSION = YES;
				CLANG_WARN_OBJC_ROOT_CLASS = YES_ERROR;
				CLANG_WARN_RANGE_LOOP_ANALYSIS = YES;
				CLANG_WARN_STRICT_PROTOTYPES = YES;
				CLANG_WARN_SUSPICIOUS_MOVE = YES;
				CLANG_WARN_UNGUARDED_AVAILABILITY = YES_AGGRESSIVE;
				CLANG_WARN_UNREACHABLE_CODE = YES;
				CLANG_WARN__DUPLICATE_METHOD_MATCH = YES;
				CODE_SIGN_IDENTITY = "iPhone Developer";
				COPY_PHASE_STRIP = NO;
				DEBUG_INFORMATION_FORMAT = dwarf;
				ENABLE_STRICT_OBJC_MSGSEND = YES;
				ENABLE_TESTABILITY = YES;
				GCC_C_LANGUAGE_STANDARD = gnu11;
				GCC_DYNAMIC_NO_PIC = NO;
				GCC_NO_COMMON_BLOCKS = YES;
				GCC_OPTIMIZATION_LEVEL = 0;
				GCC_PREPROCESSOR_DEFINITIONS = (
					"DEBUG=1",
					"$(inherited)",
				);
				GCC_WARN_64_TO_32_BIT_CONVERSION = YES;
				GCC_WARN_ABOUT_RETURN_TYPE = YES_ERROR;
				GCC_WARN_UNDECLARED_SELECTOR = YES;
				GCC_WARN_UNINITIALIZED_AUTOS = YES_AGGRESSIVE;
				GCC_WARN_UNUSED_FUNCTION = YES;
				GCC_WARN_UNUSED_VARIABLE = YES;
				IPHONEOS_DEPLOYMENT_TARGET = 12.2;
				MTL_ENABLE_DEBUG_INFO = INCLUDE_SOURCE;
				MTL_FAST_MATH = YES;
				ONLY_ACTIVE_ARCH = YES;
				SDKROOT = iphoneos;
			};
			name = Debug;
		};
		950FDB8D225DE0820010D694 /* Release */ = {
			isa = XCBuildConfiguration;
			buildSettings = {
				ALWAYS_SEARCH_USER_PATHS = NO;
				CLANG_ANALYZER_NONNULL = YES;
				CLANG_ANALYZER_NUMBER_OBJECT_CONVERSION = YES_AGGRESSIVE;
				CLANG_CXX_LANGUAGE_STANDARD = "gnu++14";
				CLANG_CXX_LIBRARY = "libc++";
				CLANG_ENABLE_MODULES = YES;
				CLANG_ENABLE_OBJC_ARC = YES;
				CLANG_ENABLE_OBJC_WEAK = YES;
				CLANG_WARN_BLOCK_CAPTURE_AUTORELEASING = YES;
				CLANG_WARN_BOOL_CONVERSION = YES;
				CLANG_WARN_COMMA = YES;
				CLANG_WARN_CONSTANT_CONVERSION = YES;
				CLANG_WARN_DEPRECATED_OBJC_IMPLEMENTATIONS = YES;
				CLANG_WARN_DIRECT_OBJC_ISA_USAGE = YES_ERROR;
				CLANG_WARN_DOCUMENTATION_COMMENTS = YES;
				CLANG_WARN_EMPTY_BODY = YES;
				CLANG_WARN_ENUM_CONVERSION = YES;
				CLANG_WARN_INFINITE_RECURSION = YES;
				CLANG_WARN_INT_CONVERSION = YES;
				CLANG_WARN_NON_LITERAL_NULL_CONVERSION = YES;
				CLANG_WARN_OBJC_IMPLICIT_RETAIN_SELF = YES;
				CLANG_WARN_OBJC_LITERAL_CONVERSION = YES;
				CLANG_WARN_OBJC_ROOT_CLASS = YES_ERROR;
				CLANG_WARN_RANGE_LOOP_ANALYSIS = YES;
				CLANG_WARN_STRICT_PROTOTYPES = YES;
				CLANG_WARN_SUSPICIOUS_MOVE = YES;
				CLANG_WARN_UNGUARDED_AVAILABILITY = YES_AGGRESSIVE;
				CLANG_WARN_UNREACHABLE_CODE = YES;
				CLANG_WARN__DUPLICATE_METHOD_MATCH = YES;
				CODE_SIGN_IDENTITY = "iPhone Developer";
				COPY_PHASE_STRIP = NO;
				DEBUG_INFORMATION_FORMAT = "dwarf-with-dsym";
				ENABLE_NS_ASSERTIONS = NO;
				ENABLE_STRICT_OBJC_MSGSEND = YES;
				GCC_C_LANGUAGE_STANDARD = gnu11;
				GCC_NO_COMMON_BLOCKS = YES;
				GCC_WARN_64_TO_32_BIT_CONVERSION = YES;
				GCC_WARN_ABOUT_RETURN_TYPE = YES_ERROR;
				GCC_WARN_UNDECLARED_SELECTOR = YES;
				GCC_WARN_UNINITIALIZED_AUTOS = YES_AGGRESSIVE;
				GCC_WARN_UNUSED_FUNCTION = YES;
				GCC_WARN_UNUSED_VARIABLE = YES;
				IPHONEOS_DEPLOYMENT_TARGET = 12.2;
				MTL_ENABLE_DEBUG_INFO = NO;
				MTL_FAST_MATH = YES;
				SDKROOT = iphoneos;
				VALIDATE_PRODUCT = YES;
			};
			name = Release;
		};
		950FDB8F225DE0820010D694 /* Debug */ = {
			isa = XCBuildConfiguration;
			buildSettings = {
				ASSETCATALOG_COMPILER_APPICON_NAME = AppIcon;
				CODE_SIGN_STYLE = Automatic;
				DEVELOPMENT_TEAM = AUM2E6FK73;
				INFOPLIST_FILE = LoadSplitImage/Info.plist;
				LD_RUNPATH_SEARCH_PATHS = (
					"$(inherited)",
					"@executable_path/Frameworks",
				);
				PRODUCT_BUNDLE_IDENTIFIER = cn.vanjay.LoadSplitImage;
				PRODUCT_NAME = "$(TARGET_NAME)";
				TARGETED_DEVICE_FAMILY = "1,2";
			};
			name = Debug;
		};
		950FDB90225DE0820010D694 /* Release */ = {
			isa = XCBuildConfiguration;
			buildSettings = {
				ASSETCATALOG_COMPILER_APPICON_NAME = AppIcon;
				CODE_SIGN_STYLE = Automatic;
				DEVELOPMENT_TEAM = AUM2E6FK73;
				INFOPLIST_FILE = LoadSplitImage/Info.plist;
				LD_RUNPATH_SEARCH_PATHS = (
					"$(inherited)",
					"@executable_path/Frameworks",
				);
				PRODUCT_BUNDLE_IDENTIFIER = cn.vanjay.LoadSplitImage;
				PRODUCT_NAME = "$(TARGET_NAME)";
				TARGETED_DEVICE_FAMILY = "1,2";
			};
			name = Release;
		};
/* End XCBuildConfiguration section */

/* Begin XCConfigurationList section */
		950FDB73225DE0800010D694 /* Build configuration list for PBXProject "LoadSplitImage" */ = {
			isa = XCConfigurationList;
			buildConfigurations = (
				950FDB8C225DE0820010D694 /* Debug */,
				950FDB8D225DE0820010D694 /* Release */,
			);
			defaultConfigurationIsVisible = 0;
			defaultConfigurationName = Release;
		};
		950FDB8E225DE0820010D694 /* Build configuration list for PBXNativeTarget "LoadSplitImage" */ = {
			isa = XCConfigurationList;
			buildConfigurations = (
				950FDB8F225DE0820010D694 /* Debug */,
				950FDB90225DE0820010D694 /* Release */,
			);
			defaultConfigurationIsVisible = 0;
			defaultConfigurationName = Release;
		};
/* End XCConfigurationList section */
	};
	rootObject = 950FDB70225DE0800010D694 /* Project object */;
}
